
Microsoft Visual Studio Solution File, Format Version 12.00
# Visual Studio Version 17
VisualStudioVersion = 17.11.35312.102
MinimumVisualStudioVersion = 10.0.40219.1
Project("{2150E333-8FDC-42A3-9474-1A3956D46DE8}") = "001 - Lessons", "001 - Lessons", "{08017CE6-7599-4266-92C3-67685BCE0973}"
EndProject
Project("{2150E333-8FDC-42A3-9474-1A3956D46DE8}") = "002 - Home Work", "002 - Home Work", "{E4F32F9C-5B4E-4F96-A45E-DA8FFB7C4E5B}"
EndProject
Project("{FAE04EC0-301F-11D3-BF4B-00C04F79EFBC}") = "002 - Структура проекта", "001 - Lessons\002 - Структура проекта\002 - Структура проекта.csproj", "{82CC9882-AF75-48F0-8877-3B02E46FC4D3}"
EndProject
Project("{FAE04EC0-301F-11D3-BF4B-00C04F79EFBC}") = "001 - Первая программа", "001 - Lessons\001 - Первая программа\001 - Первая программа.csproj", "{3BD0C533-1B90-4809-B05F-124095FC199B}"
EndProject
Project("{FAE04EC0-301F-11D3-BF4B-00C04F79EFBC}") = "004 - Переменные", "001 - Lessons\004 - Переменные\004 - Переменные.csproj", "{82CE2866-333B-4528-8CF3-E2A923C721A9}"
EndProject
Project("{FAE04EC0-301F-11D3-BF4B-00C04F79EFBC}") = "005 - Ввод данных в консоль", "001 - Lessons\005 - Ввод данных в консоль\005 - Ввод данных в консоль.csproj", "{8276EE08-1445-4049-A0E9-B26BAC298856}"
EndProject
Project("{FAE04EC0-301F-11D3-BF4B-00C04F79EFBC}") = "006 - Конвертация строки в число - класс Convert", "001 - Lessons\006 - Конвертация строки в число - класс Convert\006 - Конвертация строки в число - класс Convert.csproj", "{3D82364F-1564-40EF-9061-94CA31ABAB1F}"
EndProject
Project("{FAE04EC0-301F-11D3-BF4B-00C04F79EFBC}") = "007 - Преобразование строк - Parse, TryParse", "001 - Lessons\007 - Преобразование строк - Parse, TryParse\007 - Преобразование строк - Parse, TryParse.csproj", "{524590AD-4A9D-4BDF-97F8-CA0F460D6B33}"
EndProject
Project("{2150E333-8FDC-42A3-9474-1A3956D46DE8}") = "003 - INFO", "003 - INFO", "{35FA4510-5CDB-4EE7-BC20-AB68442B2BD5}"
EndProject
Project("{FAE04EC0-301F-11D3-BF4B-00C04F79EFBC}") = "001 - Разделители дробных чисел - Globalization, Decimal Separator", "003 - INFO\001 - Разделители дробных чисел - Globalization, Decimal Separator\001 - Разделители дробных чисел - Globalization, Decimal Separator.csproj", "{AC6A091C-39E1-405C-8B1C-B22F4DDBE10D}"
EndProject
Project("{FAE04EC0-301F-11D3-BF4B-00C04F79EFBC}") = "008 - Операторы, арифметические операции с числами", "001 - Lessons\008 - Операторы, арифметические операции с числами\008 - Операторы, арифметические операции с числами.csproj", "{590514A0-5B20-4164-A7E6-AB4ED22C1364}"
EndProject
Global
	GlobalSection(SolutionConfigurationPlatforms) = preSolution
		Debug|Any CPU = Debug|Any CPU
		Release|Any CPU = Release|Any CPU
	EndGlobalSection
	GlobalSection(ProjectConfigurationPlatforms) = postSolution
		{82CC9882-AF75-48F0-8877-3B02E46FC4D3}.Debug|Any CPU.ActiveCfg = Debug|Any CPU
		{82CC9882-AF75-48F0-8877-3B02E46FC4D3}.Debug|Any CPU.Build.0 = Debug|Any CPU
		{82CC9882-AF75-48F0-8877-3B02E46FC4D3}.Release|Any CPU.ActiveCfg = Release|Any CPU
		{82CC9882-AF75-48F0-8877-3B02E46FC4D3}.Release|Any CPU.Build.0 = Release|Any CPU
		{3BD0C533-1B90-4809-B05F-124095FC199B}.Debug|Any CPU.ActiveCfg = Debug|Any CPU
		{3BD0C533-1B90-4809-B05F-124095FC199B}.Debug|Any CPU.Build.0 = Debug|Any CPU
		{3BD0C533-1B90-4809-B05F-124095FC199B}.Release|Any CPU.ActiveCfg = Release|Any CPU
		{3BD0C533-1B90-4809-B05F-124095FC199B}.Release|Any CPU.Build.0 = Release|Any CPU
		{82CE2866-333B-4528-8CF3-E2A923C721A9}.Debug|Any CPU.ActiveCfg = Debug|Any CPU
		{82CE2866-333B-4528-8CF3-E2A923C721A9}.Debug|Any CPU.Build.0 = Debug|Any CPU
		{82CE2866-333B-4528-8CF3-E2A923C721A9}.Release|Any CPU.ActiveCfg = Release|Any CPU
		{82CE2866-333B-4528-8CF3-E2A923C721A9}.Release|Any CPU.Build.0 = Release|Any CPU
		{8276EE08-1445-4049-A0E9-B26BAC298856}.Debug|Any CPU.ActiveCfg = Debug|Any CPU
		{8276EE08-1445-4049-A0E9-B26BAC298856}.Debug|Any CPU.Build.0 = Debug|Any CPU
		{8276EE08-1445-4049-A0E9-B26BAC298856}.Release|Any CPU.ActiveCfg = Release|Any CPU
		{8276EE08-1445-4049-A0E9-B26BAC298856}.Release|Any CPU.Build.0 = Release|Any CPU
		{3D82364F-1564-40EF-9061-94CA31ABAB1F}.Debug|Any CPU.ActiveCfg = Debug|Any CPU
		{3D82364F-1564-40EF-9061-94CA31ABAB1F}.Debug|Any CPU.Build.0 = Debug|Any CPU
		{3D82364F-1564-40EF-9061-94CA31ABAB1F}.Release|Any CPU.ActiveCfg = Release|Any CPU
		{3D82364F-1564-40EF-9061-94CA31ABAB1F}.Release|Any CPU.Build.0 = Release|Any CPU
		{524590AD-4A9D-4BDF-97F8-CA0F460D6B33}.Debug|Any CPU.ActiveCfg = Debug|Any CPU
		{524590AD-4A9D-4BDF-97F8-CA0F460D6B33}.Debug|Any CPU.Build.0 = Debug|Any CPU
		{524590AD-4A9D-4BDF-97F8-CA0F460D6B33}.Release|Any CPU.ActiveCfg = Release|Any CPU
		{524590AD-4A9D-4BDF-97F8-CA0F460D6B33}.Release|Any CPU.Build.0 = Release|Any CPU
		{AC6A091C-39E1-405C-8B1C-B22F4DDBE10D}.Debug|Any CPU.ActiveCfg = Debug|Any CPU
		{AC6A091C-39E1-405C-8B1C-B22F4DDBE10D}.Debug|Any CPU.Build.0 = Debug|Any CPU
		{AC6A091C-39E1-405C-8B1C-B22F4DDBE10D}.Release|Any CPU.ActiveCfg = Release|Any CPU
		{AC6A091C-39E1-405C-8B1C-B22F4DDBE10D}.Release|Any CPU.Build.0 = Release|Any CPU
		{590514A0-5B20-4164-A7E6-AB4ED22C1364}.Debug|Any CPU.ActiveCfg = Debug|Any CPU
		{590514A0-5B20-4164-A7E6-AB4ED22C1364}.Debug|Any CPU.Build.0 = Debug|Any CPU
		{590514A0-5B20-4164-A7E6-AB4ED22C1364}.Release|Any CPU.ActiveCfg = Release|Any CPU
		{590514A0-5B20-4164-A7E6-AB4ED22C1364}.Release|Any CPU.Build.0 = Release|Any CPU
	EndGlobalSection
	GlobalSection(SolutionProperties) = preSolution
		HideSolutionNode = FALSE
	EndGlobalSection
	GlobalSection(NestedProjects) = preSolution
		{82CC9882-AF75-48F0-8877-3B02E46FC4D3} = {08017CE6-7599-4266-92C3-67685BCE0973}
		{3BD0C533-1B90-4809-B05F-124095FC199B} = {08017CE6-7599-4266-92C3-67685BCE0973}
		{82CE2866-333B-4528-8CF3-E2A923C721A9} = {08017CE6-7599-4266-92C3-67685BCE0973}
		{8276EE08-1445-4049-A0E9-B26BAC298856} = {08017CE6-7599-4266-92C3-67685BCE0973}
		{3D82364F-1564-40EF-9061-94CA31ABAB1F} = {08017CE6-7599-4266-92C3-67685BCE0973}
		{524590AD-4A9D-4BDF-97F8-CA0F460D6B33} = {08017CE6-7599-4266-92C3-67685BCE0973}
		{AC6A091C-39E1-405C-8B1C-B22F4DDBE10D} = {35FA4510-5CDB-4EE7-BC20-AB68442B2BD5}
		{590514A0-5B20-4164-A7E6-AB4ED22C1364} = {08017CE6-7599-4266-92C3-67685BCE0973}
	EndGlobalSection
	GlobalSection(ExtensibilityGlobals) = postSolution
		SolutionGuid = {5131EB3F-3A15-4D42-8167-54A12762E996}
	EndGlobalSection
EndGlobal
