
Microsoft Visual Studio Solution File, Format Version 12.00
# Visual Studio Version 17
VisualStudioVersion = 17.11.35312.102
MinimumVisualStudioVersion = 10.0.40219.1
Project("{2150E333-8FDC-42A3-9474-1A3956D46DE8}") = "001 - Lessons", "001 - Lessons", "{08017CE6-7599-4266-92C3-67685BCE0973}"
EndProject
Project("{2150E333-8FDC-42A3-9474-1A3956D46DE8}") = "002 - HomeWork", "002 - HomeWork", "{E4F32F9C-5B4E-4F96-A45E-DA8FFB7C4E5B}"
EndProject
Project("{FAE04EC0-301F-11D3-BF4B-00C04F79EFBC}") = "002 - Структура проекта", "001 - Lessons\002 - Структура проекта\002 - Структура проекта.csproj", "{82CC9882-AF75-48F0-8877-3B02E46FC4D3}"
EndProject
Project("{FAE04EC0-301F-11D3-BF4B-00C04F79EFBC}") = "001 - Первая программа", "001 - Lessons\001 - Первая программа\001 - Первая программа.csproj", "{3BD0C533-1B90-4809-B05F-124095FC199B}"
EndProject
Project("{FAE04EC0-301F-11D3-BF4B-00C04F79EFBC}") = "004 - Переменные", "001 - Lessons\004 - Переменные\004 - Переменные.csproj", "{82CE2866-333B-4528-8CF3-E2A923C721A9}"
EndProject
Project("{FAE04EC0-301F-11D3-BF4B-00C04F79EFBC}") = "005 - Ввод данных в консоль", "001 - Lessons\005 - Ввод данных в консоль\005 - Ввод данных в консоль.csproj", "{8276EE08-1445-4049-A0E9-B26BAC298856}"
EndProject
Project("{FAE04EC0-301F-11D3-BF4B-00C04F79EFBC}") = "006 - Конвертация строки в число - класс Convert", "001 - Lessons\006 - Конвертация строки в число - класс Convert\006 - Конвертация строки в число - класс Convert.csproj", "{3D82364F-1564-40EF-9061-94CA31ABAB1F}"
EndProject
Project("{FAE04EC0-301F-11D3-BF4B-00C04F79EFBC}") = "007 - Преобразование строк - Parse, TryParse", "001 - Lessons\007 - Преобразование строк - Parse, TryParse\007 - Преобразование строк - Parse, TryParse.csproj", "{524590AD-4A9D-4BDF-97F8-CA0F460D6B33}"
EndProject
Project("{2150E333-8FDC-42A3-9474-1A3956D46DE8}") = "003 - INFO", "003 - INFO", "{35FA4510-5CDB-4EE7-BC20-AB68442B2BD5}"
EndProject
Project("{FAE04EC0-301F-11D3-BF4B-00C04F79EFBC}") = "008 - Операторы, арифметические операции с числами", "001 - Lessons\008 - Операторы, арифметические операции с числами\008 - Операторы, арифметические операции с числами.csproj", "{590514A0-5B20-4164-A7E6-AB4ED22C1364}"
EndProject
Project("{FAE04EC0-301F-11D3-BF4B-00C04F79EFBC}") = "001 - Разделители дробных чисел - Globalization, Decimal Separator", "003 - INFO\001 - Разделители дробных чисел - Globalization, Decimal Separator\001 - Разделители дробных чисел - Globalization, Decimal Separator.csproj", "{AC6A091C-39E1-405C-8B1C-B22F4DDBE10D}"
EndProject
Project("{2150E333-8FDC-42A3-9474-1A3956D46DE8}") = "999 - Test", "999 - Test", "{FC257989-BEB4-4DBE-B269-E4281AA3AE48}"
EndProject
Project("{FAE04EC0-301F-11D3-BF4B-00C04F79EFBC}") = "001 - TEST", "999 - Test\001 - TEST\001 - TEST.csproj", "{6DC18FE8-1E6E-4405-9F4A-0B56EE4DE152}"
EndProject
Project("{FAE04EC0-301F-11D3-BF4B-00C04F79EFBC}") = "009 - Приоритеты арефметических операций", "001 - Lessons\009 - Приоритеты арефметических операций\009 - Приоритеты арефметических операций.csproj", "{8801BFCE-A1E9-4122-9BE3-DF8BCDAF02F7}"
EndProject
Project("{FAE04EC0-301F-11D3-BF4B-00C04F79EFBC}") = "001 - ДЗ к уроку 008", "002 - HomeWork\001 - ДЗ к уроку 008\001 - ДЗ к уроку 008.csproj", "{01670C6B-41A1-4EDD-8C90-1268473E42BC}"
EndProject
Project("{FAE04EC0-301F-11D3-BF4B-00C04F79EFBC}") = "011 - Инкремент и Декремент", "001 - Lessons\011 - Инкремент и Декремент\011 - Инкремент и Декремент.csproj", "{537ACE66-4F9E-4095-94A0-BFE6F3713A84}"
EndProject
Project("{FAE04EC0-301F-11D3-BF4B-00C04F79EFBC}") = "012 - Операции сравнения, операторы отношений", "001 - Lessons\012 - Операции сравнения, операторы отношений\012 - Операции сравнения, операторы отношений.csproj", "{D03033A9-0E34-400E-A512-17C819C4A786}"
EndProject
Project("{FAE04EC0-301F-11D3-BF4B-00C04F79EFBC}") = "013 - IF, ESLE - Конструкция логического выбора", "001 - Lessons\013 - IF, ESLE - Конструкция логического выбора\013 - IF, ESLE - Конструкция логического выбора.csproj", "{5EC10D93-F2F1-4D8F-BD98-016B80EB17D4}"
EndProject
Project("{FAE04EC0-301F-11D3-BF4B-00C04F79EFBC}") = "002 - ДЗ к уроку 013 - Проверка числа на чётность", "002 - HomeWork\002 - ДЗ к уроку 013 - Проверка числа на чётность\002 - ДЗ к уроку 013 - Проверка числа на чётность.csproj", "{94809AF0-80A8-4033-86C0-46FDF736E7E3}"
EndProject
Project("{FAE04EC0-301F-11D3-BF4B-00C04F79EFBC}") = "014 - Логические операторы", "001 - Lessons\014 - Логические операторы\014 - Логические операторы.csproj", "{3EE534F1-B296-47F9-BCF2-22062E6DFD03}"
EndProject
Project("{FAE04EC0-301F-11D3-BF4B-00C04F79EFBC}") = "015 - SWITCH, CASE - Конструкция логического выбора", "001 - Lessons\015 - SWITCH, CASE - Конструкция логического выбора\015 - SWITCH, CASE - Конструкция логического выбора.csproj", "{CCF5CC82-2A7E-4403-AD39-FDCB4F97C492}"
EndProject
Project("{FAE04EC0-301F-11D3-BF4B-00C04F79EFBC}") = "003 - ДЗ к уроку 015 - Консольный калькулятор", "002 - HomeWork\003 - ДЗ к уроку 015 - Консольный калькулятор\003 - ДЗ к уроку 015 - Консольный калькулятор.csproj", "{B716D654-AB0C-4FDC-BE07-0BA36096D46B}"
EndProject
Project("{FAE04EC0-301F-11D3-BF4B-00C04F79EFBC}") = "016 - While - Цикл", "001 - Lessons\016 - While - Цикл\016 - While - Цикл.csproj", "{5F5D30C5-8F37-4568-B4BC-DC9160CADDF0}"
EndProject
Project("{2150E333-8FDC-42A3-9474-1A3956D46DE8}") = "998 - ChatGPT HomeWork", "998 - ChatGPT HomeWork", "{B48E9C1A-6337-4C2C-A2F5-15E527A1BA3F}"
EndProject
Project("{FAE04EC0-301F-11D3-BF4B-00C04F79EFBC}") = "001 - Простые числа - проверка диапазона", "998 - ChatGPT HomeWork\001 - Простые числа - проверка диапазона\001 - Простые числа - проверка диапазона.csproj", "{DD08A094-AAFA-4875-9498-8EF865DDFA13}"
EndProject
Project("{FAE04EC0-301F-11D3-BF4B-00C04F79EFBC}") = "004 - ДЗ к уроку 016 - Сумма и кол-во чёт. и НЕчёт чисел", "002 - HomeWork\004 - ДЗ к уроку 016 - Сумма и кол-во чёт. и НЕчёт чисел\004 - ДЗ к уроку 016 - Сумма и кол-во чёт. и НЕчёт чисел.csproj", "{E2E696AE-EF58-4290-91B7-65F4797D2AC5}"
EndProject
Project("{FAE04EC0-301F-11D3-BF4B-00C04F79EFBC}") = "017 - Do While - Цикл", "001 - Lessons\017 - Do While - Цикл\017 - Do While - Цикл.csproj", "{40550C8C-7E81-4300-8CED-71C43A0C6FB2}"
EndProject
Project("{FAE04EC0-301F-11D3-BF4B-00C04F79EFBC}") = "018 - For - Цикл", "001 - Lessons\018 - For - Цикл\018 - For - Цикл.csproj", "{D0418310-1D15-4616-9407-EBDF3E16131D}"
EndProject
Project("{FAE04EC0-301F-11D3-BF4B-00C04F79EFBC}") = "019 - For - Разные виды применения цикла For", "001 - Lessons\019 - For - Разные виды применения цикла For\019 - For - Разные виды применения цикла For.csproj", "{B06511C2-99BE-4A81-A445-90A1A2CFE297}"
EndProject
Project("{FAE04EC0-301F-11D3-BF4B-00C04F79EFBC}") = "020 - Break - Оператор (ключевое слово)", "001 - Lessons\020 - Break - Оператор (ключевое слово)\020 - Break - Оператор (ключевое слово).csproj", "{09001DB5-D217-42F3-B5FC-499FB94415BF}"
EndProject
Project("{FAE04EC0-301F-11D3-BF4B-00C04F79EFBC}") = "021 - Continue - Оператор (ключевое слово)", "001 - Lessons\021 - Continue - Оператор (ключевое слово)\021 - Continue - Оператор (ключевое слово).csproj", "{DB30AAF3-57AA-488A-8519-68AA28905F6B}"
EndProject
Project("{FAE04EC0-301F-11D3-BF4B-00C04F79EFBC}") = "022 - Вложенные циклы", "001 - Lessons\022 - Вложенные циклы\022 - Вложенные циклы.csproj", "{8BA20BFE-DFF9-457E-936B-B9B32511B37E}"
EndProject
Project("{FAE04EC0-301F-11D3-BF4B-00C04F79EFBC}") = "005 - ДЗ к уроку 022 - Треугольники", "002 - HomeWork\005 - ДЗ к уроку 022 - Треугольники\005 - ДЗ к уроку 022 - Треугольники.csproj", "{2B2B6679-EF63-4510-97A3-6FE74D610352}"
EndProject
Project("{FAE04EC0-301F-11D3-BF4B-00C04F79EFBC}") = "023 - Тернарный оператор", "001 - Lessons\023 - Тернарный оператор\023 - Тернарный оператор.csproj", "{0109DBB9-9BFC-4680-AAE6-9384EC96FE57}"
EndProject
Project("{FAE04EC0-301F-11D3-BF4B-00C04F79EFBC}") = "024 - Массивы - Одномерный массив", "001 - Lessons\024 - Массивы - Одномерный массив\024 - Массивы - Одномерный массив.csproj", "{9B3D02C1-A78B-4336-862F-BBBEE57EF32F}"
EndProject
Project("{FAE04EC0-301F-11D3-BF4B-00C04F79EFBC}") = "025 - Способы инициализации массива", "001 - Lessons\025 - Способы инициализации массива\025 - Способы инициализации массива.csproj", "{19B874CA-552A-4445-A44A-318502DED378}"
EndProject
Project("{FAE04EC0-301F-11D3-BF4B-00C04F79EFBC}") = "026 - Вывод массива - Перебор массива", "001 - Lessons\026 - Вывод массива - Перебор массива\026 - Вывод массива - Перебор массива.csproj", "{BF52A4E3-BB66-4A8C-B051-B5E772F6452C}"
EndProject
Project("{FAE04EC0-301F-11D3-BF4B-00C04F79EFBC}") = "006 - ДЗ к уроку 026 - Работа с массивами", "002 - HomeWork\006 - ДЗ к уроку 026 - Работа с массивами\006 - ДЗ к уроку 026 - Работа с массивами.csproj", "{85BD1A7B-7A7A-4F54-A85A-0712F50B984A}"
EndProject
Project("{FAE04EC0-301F-11D3-BF4B-00C04F79EFBC}") = "027 - Работа с массивами в реальных проектах - Примеры", "001 - Lessons\027 - Работа с массивами в реальных проектах - Примеры\027 - Работа с массивами в реальных проектах - Примеры.csproj", "{C69E115F-C1B4-4852-A496-CF1C107232A4}"
EndProject
Project("{9A19103F-16F7-4668-BE54-9A1E7A4F7556}") = "028 - Индексы и диапазоны", "001 - Lessons\028 - Индексы и диапазоны\028 - Индексы и диапазоны.csproj", "{4CC6AF24-ECAB-42EA-830A-74F126DA118E}"
EndProject
Project("{FAE04EC0-301F-11D3-BF4B-00C04F79EFBC}") = "029 - Многомерные массивы", "001 - Lessons\029 - Многомерные массивы\029 - Многомерные массивы.csproj", "{8660BDA0-DBEF-4B96-A792-47D0D2CBAEE2}"
EndProject
Project("{FAE04EC0-301F-11D3-BF4B-00C04F79EFBC}") = "030 - Двумерный массив", "001 - Lessons\030 - Двумерный массив\030 - Двумерный массив.csproj", "{A562D10D-D969-42BC-A1F8-85715D8098BE}"
EndProject
Project("{FAE04EC0-301F-11D3-BF4B-00C04F79EFBC}") = "031 - Вывод двумерного массива", "001 - Lessons\031 - Вывод двумерного массива\031 - Вывод двумерного массива.csproj", "{E94A44DF-DC7F-46C2-A264-826B59BE9AA3}"
EndProject
Project("{FAE04EC0-301F-11D3-BF4B-00C04F79EFBC}") = "032 - Зполнение двумерного массива", "001 - Lessons\032 - Зполнение двумерного массива\032 - Зполнение двумерного массива.csproj", "{1DC89FDD-D2E3-4C5E-8F8F-0775045AC733}"
EndProject
Project("{FAE04EC0-301F-11D3-BF4B-00C04F79EFBC}") = "033 - Ступенчатые (зубчатые) массивы", "001 - Lessons\033 - Ступенчатые (зубчатые) массивы\033 - Ступенчатые (зубчатые) массивы.csproj", "{A70654E8-EE56-42D5-B7C6-94E91A92CB2D}"
EndProject
Project("{FAE04EC0-301F-11D3-BF4B-00C04F79EFBC}") = "034 - Трёхмерные массивы", "001 - Lessons\034 - Трёхмерные массивы\034 - Трёхмерные массивы.csproj", "{DCCFDB7E-845B-4662-B4CF-1B0DFD01B216}"
EndProject
Project("{FAE04EC0-301F-11D3-BF4B-00C04F79EFBC}") = "035 - Методы и функции", "001 - Lessons\035 - Методы и функции\035 - Методы и функции.csproj", "{61DFB54C-C9DB-49EE-90FB-2CE482BB79B8}"
EndProject
Project("{FAE04EC0-301F-11D3-BF4B-00C04F79EFBC}") = "007 - ДЗ к уроку 035 - Методы", "002 - HomeWork\007 - ДЗ к уроку 035 - Методы\007 - ДЗ к уроку 035 - Методы.csproj", "{A9F844BC-14C7-4250-B316-6CFF1673A355}"
EndProject
Project("{FAE04EC0-301F-11D3-BF4B-00C04F79EFBC}") = "036 - Перегрузка методов", "001 - Lessons\036 - Перегрузка методов\036 - Перегрузка методов.csproj", "{25E3A7C0-54AF-455B-BDE3-F694E19AEF2A}"
EndProject
Project("{FAE04EC0-301F-11D3-BF4B-00C04F79EFBC}") = "002 - Бегущая строка (лоховская)", "999 - Test\002 - Бегущая строка (лоховская)\002 - Бегущая строка (лоховская).csproj", "{A52C51E0-8888-4301-9169-D396CB054A80}"
EndProject
Project("{FAE04EC0-301F-11D3-BF4B-00C04F79EFBC}") = "037 - Область видимости - ТЕОРИЯ", "001 - Lessons\037 - Область видимости - ТЕОРИЯ\037 - Область видимости - ТЕОРИЯ.csproj", "{1E19A05B-A26D-4781-9297-D64D2FD5B29F}"
EndProject
Project("{FAE04EC0-301F-11D3-BF4B-00C04F79EFBC}") = "038 - Ссылочные и значимые типы - ТЕОРИЯ", "001 - Lessons\038 - Ссылочные и значимые типы - ТЕОРИЯ\038 - Ссылочные и значимые типы - ТЕОРИЯ.csproj", "{D89EF7F2-A339-48FF-8555-5D96784C8373}"
EndProject
Project("{FAE04EC0-301F-11D3-BF4B-00C04F79EFBC}") = "039 - NULL - ТЕОРИЯ", "001 - Lessons\039 - NULL - ТЕОРИЯ\039 - NULL - ТЕОРИЯ.csproj", "{6E63BF1A-DB74-4055-A1C1-C027FE7CE718}"
EndProject
Project("{FAE04EC0-301F-11D3-BF4B-00C04F79EFBC}") = "040 - Оператор объединения с null", "001 - Lessons\040 - Оператор объединения с null\040 - Оператор объединения с null.csproj", "{E9A12A3D-91B3-4B78-B482-9370C2909A4C}"
EndProject
Project("{FAE04EC0-301F-11D3-BF4B-00C04F79EFBC}") = "041 - Оператор присвоения объединения с null", "001 - Lessons\041 - Оператор присвоения объединения с null\041 - Оператор присвоения объединения с null.csproj", "{69F7BB52-E418-491A-8A04-8BC421AC1E3E}"
EndProject
Project("{FAE04EC0-301F-11D3-BF4B-00C04F79EFBC}") = "042 - Оператор условного null", "001 - Lessons\042 - Оператор условного null\042 - Оператор условного null.csproj", "{3D1206CB-1A0F-4626-A832-A07A0FA3A2E0}"
EndProject
Project("{FAE04EC0-301F-11D3-BF4B-00C04F79EFBC}") = "043 - REF - Ключевое слово", "001 - Lessons\043 - REF - Ключевое слово\043 - REF - Ключевое слово.csproj", "{209EA614-1D58-4875-93A7-D89856F7369D}"
EndProject
Project("{FAE04EC0-301F-11D3-BF4B-00C04F79EFBC}") = "008 - ДЗ к уроку 043 - Изменение размеров массива", "002 - HomeWork\008 - ДЗ к уроку 043 - Изменение размеров массива\008 - ДЗ к уроку 043 - Изменение размеров массива.csproj", "{EF831812-AB1D-4D6E-B3A9-F76975896188}"
EndProject
Project("{FAE04EC0-301F-11D3-BF4B-00C04F79EFBC}") = "044 - OUT - Ключевое слово", "001 - Lessons\044 - OUT - Ключевое слово\044 - OUT - Ключевое слово.csproj", "{79BFA3AD-3D4F-4FAE-A60D-79D5EC98DF4C}"
EndProject
Project("{FAE04EC0-301F-11D3-BF4B-00C04F79EFBC}") = "045 - IN - Ключевое слово", "001 - Lessons\045 - IN - Ключевое слово\045 - IN - Ключевое слово.csproj", "{DB8BA2E3-7FB4-41C2-965E-D82384FF3AD2}"
EndProject
Project("{FAE04EC0-301F-11D3-BF4B-00C04F79EFBC}") = "046 - PARAMS - Ключевое слово", "001 - Lessons\046 - PARAMS - Ключевое слово\046 - PARAMS - Ключевое слово.csproj", "{DB5C096C-69EB-43A8-AF34-C5BE9433551F}"
EndProject
Project("{FAE04EC0-301F-11D3-BF4B-00C04F79EFBC}") = "047 - Параметры по умолчанию - Необязательные", "001 - Lessons\047 - Параметры по умолчанию - Необязательные\047 - Параметры по умолчанию - Необязательные.csproj", "{FD92D2E2-7FF0-4073-9917-C441B8ED46EE}"
EndProject
Project("{FAE04EC0-301F-11D3-BF4B-00C04F79EFBC}") = "048 - Именованные параметры", "001 - Lessons\048 - Именованные параметры\048 - Именованные параметры.csproj", "{62A4CC18-1664-4E83-984A-17635E76A8D5}"
EndProject
Global
	GlobalSection(SolutionConfigurationPlatforms) = preSolution
		Debug|Any CPU = Debug|Any CPU
		Release|Any CPU = Release|Any CPU
	EndGlobalSection
	GlobalSection(ProjectConfigurationPlatforms) = postSolution
		{82CC9882-AF75-48F0-8877-3B02E46FC4D3}.Debug|Any CPU.ActiveCfg = Debug|Any CPU
		{82CC9882-AF75-48F0-8877-3B02E46FC4D3}.Debug|Any CPU.Build.0 = Debug|Any CPU
		{82CC9882-AF75-48F0-8877-3B02E46FC4D3}.Release|Any CPU.ActiveCfg = Release|Any CPU
		{82CC9882-AF75-48F0-8877-3B02E46FC4D3}.Release|Any CPU.Build.0 = Release|Any CPU
		{3BD0C533-1B90-4809-B05F-124095FC199B}.Debug|Any CPU.ActiveCfg = Debug|Any CPU
		{3BD0C533-1B90-4809-B05F-124095FC199B}.Debug|Any CPU.Build.0 = Debug|Any CPU
		{3BD0C533-1B90-4809-B05F-124095FC199B}.Release|Any CPU.ActiveCfg = Release|Any CPU
		{3BD0C533-1B90-4809-B05F-124095FC199B}.Release|Any CPU.Build.0 = Release|Any CPU
		{82CE2866-333B-4528-8CF3-E2A923C721A9}.Debug|Any CPU.ActiveCfg = Debug|Any CPU
		{82CE2866-333B-4528-8CF3-E2A923C721A9}.Debug|Any CPU.Build.0 = Debug|Any CPU
		{82CE2866-333B-4528-8CF3-E2A923C721A9}.Release|Any CPU.ActiveCfg = Release|Any CPU
		{82CE2866-333B-4528-8CF3-E2A923C721A9}.Release|Any CPU.Build.0 = Release|Any CPU
		{8276EE08-1445-4049-A0E9-B26BAC298856}.Debug|Any CPU.ActiveCfg = Debug|Any CPU
		{8276EE08-1445-4049-A0E9-B26BAC298856}.Debug|Any CPU.Build.0 = Debug|Any CPU
		{8276EE08-1445-4049-A0E9-B26BAC298856}.Release|Any CPU.ActiveCfg = Release|Any CPU
		{8276EE08-1445-4049-A0E9-B26BAC298856}.Release|Any CPU.Build.0 = Release|Any CPU
		{3D82364F-1564-40EF-9061-94CA31ABAB1F}.Debug|Any CPU.ActiveCfg = Debug|Any CPU
		{3D82364F-1564-40EF-9061-94CA31ABAB1F}.Debug|Any CPU.Build.0 = Debug|Any CPU
		{3D82364F-1564-40EF-9061-94CA31ABAB1F}.Release|Any CPU.ActiveCfg = Release|Any CPU
		{3D82364F-1564-40EF-9061-94CA31ABAB1F}.Release|Any CPU.Build.0 = Release|Any CPU
		{524590AD-4A9D-4BDF-97F8-CA0F460D6B33}.Debug|Any CPU.ActiveCfg = Debug|Any CPU
		{524590AD-4A9D-4BDF-97F8-CA0F460D6B33}.Debug|Any CPU.Build.0 = Debug|Any CPU
		{524590AD-4A9D-4BDF-97F8-CA0F460D6B33}.Release|Any CPU.ActiveCfg = Release|Any CPU
		{524590AD-4A9D-4BDF-97F8-CA0F460D6B33}.Release|Any CPU.Build.0 = Release|Any CPU
		{590514A0-5B20-4164-A7E6-AB4ED22C1364}.Debug|Any CPU.ActiveCfg = Debug|Any CPU
		{590514A0-5B20-4164-A7E6-AB4ED22C1364}.Debug|Any CPU.Build.0 = Debug|Any CPU
		{590514A0-5B20-4164-A7E6-AB4ED22C1364}.Release|Any CPU.ActiveCfg = Release|Any CPU
		{590514A0-5B20-4164-A7E6-AB4ED22C1364}.Release|Any CPU.Build.0 = Release|Any CPU
		{AC6A091C-39E1-405C-8B1C-B22F4DDBE10D}.Debug|Any CPU.ActiveCfg = Debug|Any CPU
		{AC6A091C-39E1-405C-8B1C-B22F4DDBE10D}.Debug|Any CPU.Build.0 = Debug|Any CPU
		{AC6A091C-39E1-405C-8B1C-B22F4DDBE10D}.Release|Any CPU.ActiveCfg = Release|Any CPU
		{AC6A091C-39E1-405C-8B1C-B22F4DDBE10D}.Release|Any CPU.Build.0 = Release|Any CPU
		{6DC18FE8-1E6E-4405-9F4A-0B56EE4DE152}.Debug|Any CPU.ActiveCfg = Debug|Any CPU
		{6DC18FE8-1E6E-4405-9F4A-0B56EE4DE152}.Debug|Any CPU.Build.0 = Debug|Any CPU
		{6DC18FE8-1E6E-4405-9F4A-0B56EE4DE152}.Release|Any CPU.ActiveCfg = Release|Any CPU
		{6DC18FE8-1E6E-4405-9F4A-0B56EE4DE152}.Release|Any CPU.Build.0 = Release|Any CPU
		{8801BFCE-A1E9-4122-9BE3-DF8BCDAF02F7}.Debug|Any CPU.ActiveCfg = Debug|Any CPU
		{8801BFCE-A1E9-4122-9BE3-DF8BCDAF02F7}.Debug|Any CPU.Build.0 = Debug|Any CPU
		{8801BFCE-A1E9-4122-9BE3-DF8BCDAF02F7}.Release|Any CPU.ActiveCfg = Release|Any CPU
		{8801BFCE-A1E9-4122-9BE3-DF8BCDAF02F7}.Release|Any CPU.Build.0 = Release|Any CPU
		{01670C6B-41A1-4EDD-8C90-1268473E42BC}.Debug|Any CPU.ActiveCfg = Debug|Any CPU
		{01670C6B-41A1-4EDD-8C90-1268473E42BC}.Debug|Any CPU.Build.0 = Debug|Any CPU
		{01670C6B-41A1-4EDD-8C90-1268473E42BC}.Release|Any CPU.ActiveCfg = Release|Any CPU
		{01670C6B-41A1-4EDD-8C90-1268473E42BC}.Release|Any CPU.Build.0 = Release|Any CPU
		{537ACE66-4F9E-4095-94A0-BFE6F3713A84}.Debug|Any CPU.ActiveCfg = Debug|Any CPU
		{537ACE66-4F9E-4095-94A0-BFE6F3713A84}.Debug|Any CPU.Build.0 = Debug|Any CPU
		{537ACE66-4F9E-4095-94A0-BFE6F3713A84}.Release|Any CPU.ActiveCfg = Release|Any CPU
		{537ACE66-4F9E-4095-94A0-BFE6F3713A84}.Release|Any CPU.Build.0 = Release|Any CPU
		{D03033A9-0E34-400E-A512-17C819C4A786}.Debug|Any CPU.ActiveCfg = Debug|Any CPU
		{D03033A9-0E34-400E-A512-17C819C4A786}.Debug|Any CPU.Build.0 = Debug|Any CPU
		{D03033A9-0E34-400E-A512-17C819C4A786}.Release|Any CPU.ActiveCfg = Release|Any CPU
		{D03033A9-0E34-400E-A512-17C819C4A786}.Release|Any CPU.Build.0 = Release|Any CPU
		{5EC10D93-F2F1-4D8F-BD98-016B80EB17D4}.Debug|Any CPU.ActiveCfg = Debug|Any CPU
		{5EC10D93-F2F1-4D8F-BD98-016B80EB17D4}.Debug|Any CPU.Build.0 = Debug|Any CPU
		{5EC10D93-F2F1-4D8F-BD98-016B80EB17D4}.Release|Any CPU.ActiveCfg = Release|Any CPU
		{5EC10D93-F2F1-4D8F-BD98-016B80EB17D4}.Release|Any CPU.Build.0 = Release|Any CPU
		{94809AF0-80A8-4033-86C0-46FDF736E7E3}.Debug|Any CPU.ActiveCfg = Debug|Any CPU
		{94809AF0-80A8-4033-86C0-46FDF736E7E3}.Debug|Any CPU.Build.0 = Debug|Any CPU
		{94809AF0-80A8-4033-86C0-46FDF736E7E3}.Release|Any CPU.ActiveCfg = Release|Any CPU
		{94809AF0-80A8-4033-86C0-46FDF736E7E3}.Release|Any CPU.Build.0 = Release|Any CPU
		{3EE534F1-B296-47F9-BCF2-22062E6DFD03}.Debug|Any CPU.ActiveCfg = Debug|Any CPU
		{3EE534F1-B296-47F9-BCF2-22062E6DFD03}.Debug|Any CPU.Build.0 = Debug|Any CPU
		{3EE534F1-B296-47F9-BCF2-22062E6DFD03}.Release|Any CPU.ActiveCfg = Release|Any CPU
		{3EE534F1-B296-47F9-BCF2-22062E6DFD03}.Release|Any CPU.Build.0 = Release|Any CPU
		{CCF5CC82-2A7E-4403-AD39-FDCB4F97C492}.Debug|Any CPU.ActiveCfg = Debug|Any CPU
		{CCF5CC82-2A7E-4403-AD39-FDCB4F97C492}.Debug|Any CPU.Build.0 = Debug|Any CPU
		{CCF5CC82-2A7E-4403-AD39-FDCB4F97C492}.Release|Any CPU.ActiveCfg = Release|Any CPU
		{CCF5CC82-2A7E-4403-AD39-FDCB4F97C492}.Release|Any CPU.Build.0 = Release|Any CPU
		{B716D654-AB0C-4FDC-BE07-0BA36096D46B}.Debug|Any CPU.ActiveCfg = Debug|Any CPU
		{B716D654-AB0C-4FDC-BE07-0BA36096D46B}.Debug|Any CPU.Build.0 = Debug|Any CPU
		{B716D654-AB0C-4FDC-BE07-0BA36096D46B}.Release|Any CPU.ActiveCfg = Release|Any CPU
		{B716D654-AB0C-4FDC-BE07-0BA36096D46B}.Release|Any CPU.Build.0 = Release|Any CPU
		{5F5D30C5-8F37-4568-B4BC-DC9160CADDF0}.Debug|Any CPU.ActiveCfg = Debug|Any CPU
		{5F5D30C5-8F37-4568-B4BC-DC9160CADDF0}.Debug|Any CPU.Build.0 = Debug|Any CPU
		{5F5D30C5-8F37-4568-B4BC-DC9160CADDF0}.Release|Any CPU.ActiveCfg = Release|Any CPU
		{5F5D30C5-8F37-4568-B4BC-DC9160CADDF0}.Release|Any CPU.Build.0 = Release|Any CPU
		{DD08A094-AAFA-4875-9498-8EF865DDFA13}.Debug|Any CPU.ActiveCfg = Debug|Any CPU
		{DD08A094-AAFA-4875-9498-8EF865DDFA13}.Debug|Any CPU.Build.0 = Debug|Any CPU
		{DD08A094-AAFA-4875-9498-8EF865DDFA13}.Release|Any CPU.ActiveCfg = Release|Any CPU
		{DD08A094-AAFA-4875-9498-8EF865DDFA13}.Release|Any CPU.Build.0 = Release|Any CPU
		{E2E696AE-EF58-4290-91B7-65F4797D2AC5}.Debug|Any CPU.ActiveCfg = Debug|Any CPU
		{E2E696AE-EF58-4290-91B7-65F4797D2AC5}.Debug|Any CPU.Build.0 = Debug|Any CPU
		{E2E696AE-EF58-4290-91B7-65F4797D2AC5}.Release|Any CPU.ActiveCfg = Release|Any CPU
		{E2E696AE-EF58-4290-91B7-65F4797D2AC5}.Release|Any CPU.Build.0 = Release|Any CPU
		{40550C8C-7E81-4300-8CED-71C43A0C6FB2}.Debug|Any CPU.ActiveCfg = Debug|Any CPU
		{40550C8C-7E81-4300-8CED-71C43A0C6FB2}.Debug|Any CPU.Build.0 = Debug|Any CPU
		{40550C8C-7E81-4300-8CED-71C43A0C6FB2}.Release|Any CPU.ActiveCfg = Release|Any CPU
		{40550C8C-7E81-4300-8CED-71C43A0C6FB2}.Release|Any CPU.Build.0 = Release|Any CPU
		{D0418310-1D15-4616-9407-EBDF3E16131D}.Debug|Any CPU.ActiveCfg = Debug|Any CPU
		{D0418310-1D15-4616-9407-EBDF3E16131D}.Debug|Any CPU.Build.0 = Debug|Any CPU
		{D0418310-1D15-4616-9407-EBDF3E16131D}.Release|Any CPU.ActiveCfg = Release|Any CPU
		{D0418310-1D15-4616-9407-EBDF3E16131D}.Release|Any CPU.Build.0 = Release|Any CPU
		{B06511C2-99BE-4A81-A445-90A1A2CFE297}.Debug|Any CPU.ActiveCfg = Debug|Any CPU
		{B06511C2-99BE-4A81-A445-90A1A2CFE297}.Debug|Any CPU.Build.0 = Debug|Any CPU
		{B06511C2-99BE-4A81-A445-90A1A2CFE297}.Release|Any CPU.ActiveCfg = Release|Any CPU
		{B06511C2-99BE-4A81-A445-90A1A2CFE297}.Release|Any CPU.Build.0 = Release|Any CPU
		{09001DB5-D217-42F3-B5FC-499FB94415BF}.Debug|Any CPU.ActiveCfg = Debug|Any CPU
		{09001DB5-D217-42F3-B5FC-499FB94415BF}.Debug|Any CPU.Build.0 = Debug|Any CPU
		{09001DB5-D217-42F3-B5FC-499FB94415BF}.Release|Any CPU.ActiveCfg = Release|Any CPU
		{09001DB5-D217-42F3-B5FC-499FB94415BF}.Release|Any CPU.Build.0 = Release|Any CPU
		{DB30AAF3-57AA-488A-8519-68AA28905F6B}.Debug|Any CPU.ActiveCfg = Debug|Any CPU
		{DB30AAF3-57AA-488A-8519-68AA28905F6B}.Debug|Any CPU.Build.0 = Debug|Any CPU
		{DB30AAF3-57AA-488A-8519-68AA28905F6B}.Release|Any CPU.ActiveCfg = Release|Any CPU
		{DB30AAF3-57AA-488A-8519-68AA28905F6B}.Release|Any CPU.Build.0 = Release|Any CPU
		{8BA20BFE-DFF9-457E-936B-B9B32511B37E}.Debug|Any CPU.ActiveCfg = Debug|Any CPU
		{8BA20BFE-DFF9-457E-936B-B9B32511B37E}.Debug|Any CPU.Build.0 = Debug|Any CPU
		{8BA20BFE-DFF9-457E-936B-B9B32511B37E}.Release|Any CPU.ActiveCfg = Release|Any CPU
		{8BA20BFE-DFF9-457E-936B-B9B32511B37E}.Release|Any CPU.Build.0 = Release|Any CPU
		{2B2B6679-EF63-4510-97A3-6FE74D610352}.Debug|Any CPU.ActiveCfg = Debug|Any CPU
		{2B2B6679-EF63-4510-97A3-6FE74D610352}.Debug|Any CPU.Build.0 = Debug|Any CPU
		{2B2B6679-EF63-4510-97A3-6FE74D610352}.Release|Any CPU.ActiveCfg = Release|Any CPU
		{2B2B6679-EF63-4510-97A3-6FE74D610352}.Release|Any CPU.Build.0 = Release|Any CPU
		{0109DBB9-9BFC-4680-AAE6-9384EC96FE57}.Debug|Any CPU.ActiveCfg = Debug|Any CPU
		{0109DBB9-9BFC-4680-AAE6-9384EC96FE57}.Debug|Any CPU.Build.0 = Debug|Any CPU
		{0109DBB9-9BFC-4680-AAE6-9384EC96FE57}.Release|Any CPU.ActiveCfg = Release|Any CPU
		{0109DBB9-9BFC-4680-AAE6-9384EC96FE57}.Release|Any CPU.Build.0 = Release|Any CPU
		{9B3D02C1-A78B-4336-862F-BBBEE57EF32F}.Debug|Any CPU.ActiveCfg = Debug|Any CPU
		{9B3D02C1-A78B-4336-862F-BBBEE57EF32F}.Debug|Any CPU.Build.0 = Debug|Any CPU
		{9B3D02C1-A78B-4336-862F-BBBEE57EF32F}.Release|Any CPU.ActiveCfg = Release|Any CPU
		{9B3D02C1-A78B-4336-862F-BBBEE57EF32F}.Release|Any CPU.Build.0 = Release|Any CPU
		{19B874CA-552A-4445-A44A-318502DED378}.Debug|Any CPU.ActiveCfg = Debug|Any CPU
		{19B874CA-552A-4445-A44A-318502DED378}.Debug|Any CPU.Build.0 = Debug|Any CPU
		{19B874CA-552A-4445-A44A-318502DED378}.Release|Any CPU.ActiveCfg = Release|Any CPU
		{19B874CA-552A-4445-A44A-318502DED378}.Release|Any CPU.Build.0 = Release|Any CPU
		{BF52A4E3-BB66-4A8C-B051-B5E772F6452C}.Debug|Any CPU.ActiveCfg = Debug|Any CPU
		{BF52A4E3-BB66-4A8C-B051-B5E772F6452C}.Debug|Any CPU.Build.0 = Debug|Any CPU
		{BF52A4E3-BB66-4A8C-B051-B5E772F6452C}.Release|Any CPU.ActiveCfg = Release|Any CPU
		{BF52A4E3-BB66-4A8C-B051-B5E772F6452C}.Release|Any CPU.Build.0 = Release|Any CPU
		{85BD1A7B-7A7A-4F54-A85A-0712F50B984A}.Debug|Any CPU.ActiveCfg = Debug|Any CPU
		{85BD1A7B-7A7A-4F54-A85A-0712F50B984A}.Debug|Any CPU.Build.0 = Debug|Any CPU
		{85BD1A7B-7A7A-4F54-A85A-0712F50B984A}.Release|Any CPU.ActiveCfg = Release|Any CPU
		{85BD1A7B-7A7A-4F54-A85A-0712F50B984A}.Release|Any CPU.Build.0 = Release|Any CPU
		{C69E115F-C1B4-4852-A496-CF1C107232A4}.Debug|Any CPU.ActiveCfg = Debug|Any CPU
		{C69E115F-C1B4-4852-A496-CF1C107232A4}.Debug|Any CPU.Build.0 = Debug|Any CPU
		{C69E115F-C1B4-4852-A496-CF1C107232A4}.Release|Any CPU.ActiveCfg = Release|Any CPU
		{C69E115F-C1B4-4852-A496-CF1C107232A4}.Release|Any CPU.Build.0 = Release|Any CPU
		{4CC6AF24-ECAB-42EA-830A-74F126DA118E}.Debug|Any CPU.ActiveCfg = Debug|Any CPU
		{4CC6AF24-ECAB-42EA-830A-74F126DA118E}.Debug|Any CPU.Build.0 = Debug|Any CPU
		{4CC6AF24-ECAB-42EA-830A-74F126DA118E}.Release|Any CPU.ActiveCfg = Release|Any CPU
		{4CC6AF24-ECAB-42EA-830A-74F126DA118E}.Release|Any CPU.Build.0 = Release|Any CPU
		{8660BDA0-DBEF-4B96-A792-47D0D2CBAEE2}.Debug|Any CPU.ActiveCfg = Debug|Any CPU
		{8660BDA0-DBEF-4B96-A792-47D0D2CBAEE2}.Debug|Any CPU.Build.0 = Debug|Any CPU
		{8660BDA0-DBEF-4B96-A792-47D0D2CBAEE2}.Release|Any CPU.ActiveCfg = Release|Any CPU
		{8660BDA0-DBEF-4B96-A792-47D0D2CBAEE2}.Release|Any CPU.Build.0 = Release|Any CPU
		{A562D10D-D969-42BC-A1F8-85715D8098BE}.Debug|Any CPU.ActiveCfg = Debug|Any CPU
		{A562D10D-D969-42BC-A1F8-85715D8098BE}.Debug|Any CPU.Build.0 = Debug|Any CPU
		{A562D10D-D969-42BC-A1F8-85715D8098BE}.Release|Any CPU.ActiveCfg = Release|Any CPU
		{A562D10D-D969-42BC-A1F8-85715D8098BE}.Release|Any CPU.Build.0 = Release|Any CPU
		{E94A44DF-DC7F-46C2-A264-826B59BE9AA3}.Debug|Any CPU.ActiveCfg = Debug|Any CPU
		{E94A44DF-DC7F-46C2-A264-826B59BE9AA3}.Debug|Any CPU.Build.0 = Debug|Any CPU
		{E94A44DF-DC7F-46C2-A264-826B59BE9AA3}.Release|Any CPU.ActiveCfg = Release|Any CPU
		{E94A44DF-DC7F-46C2-A264-826B59BE9AA3}.Release|Any CPU.Build.0 = Release|Any CPU
		{1DC89FDD-D2E3-4C5E-8F8F-0775045AC733}.Debug|Any CPU.ActiveCfg = Debug|Any CPU
		{1DC89FDD-D2E3-4C5E-8F8F-0775045AC733}.Debug|Any CPU.Build.0 = Debug|Any CPU
		{1DC89FDD-D2E3-4C5E-8F8F-0775045AC733}.Release|Any CPU.ActiveCfg = Release|Any CPU
		{1DC89FDD-D2E3-4C5E-8F8F-0775045AC733}.Release|Any CPU.Build.0 = Release|Any CPU
		{A70654E8-EE56-42D5-B7C6-94E91A92CB2D}.Debug|Any CPU.ActiveCfg = Debug|Any CPU
		{A70654E8-EE56-42D5-B7C6-94E91A92CB2D}.Debug|Any CPU.Build.0 = Debug|Any CPU
		{A70654E8-EE56-42D5-B7C6-94E91A92CB2D}.Release|Any CPU.ActiveCfg = Release|Any CPU
		{A70654E8-EE56-42D5-B7C6-94E91A92CB2D}.Release|Any CPU.Build.0 = Release|Any CPU
		{DCCFDB7E-845B-4662-B4CF-1B0DFD01B216}.Debug|Any CPU.ActiveCfg = Debug|Any CPU
		{DCCFDB7E-845B-4662-B4CF-1B0DFD01B216}.Debug|Any CPU.Build.0 = Debug|Any CPU
		{DCCFDB7E-845B-4662-B4CF-1B0DFD01B216}.Release|Any CPU.ActiveCfg = Release|Any CPU
		{DCCFDB7E-845B-4662-B4CF-1B0DFD01B216}.Release|Any CPU.Build.0 = Release|Any CPU
		{61DFB54C-C9DB-49EE-90FB-2CE482BB79B8}.Debug|Any CPU.ActiveCfg = Debug|Any CPU
		{61DFB54C-C9DB-49EE-90FB-2CE482BB79B8}.Debug|Any CPU.Build.0 = Debug|Any CPU
		{61DFB54C-C9DB-49EE-90FB-2CE482BB79B8}.Release|Any CPU.ActiveCfg = Release|Any CPU
		{61DFB54C-C9DB-49EE-90FB-2CE482BB79B8}.Release|Any CPU.Build.0 = Release|Any CPU
		{A9F844BC-14C7-4250-B316-6CFF1673A355}.Debug|Any CPU.ActiveCfg = Debug|Any CPU
		{A9F844BC-14C7-4250-B316-6CFF1673A355}.Debug|Any CPU.Build.0 = Debug|Any CPU
		{A9F844BC-14C7-4250-B316-6CFF1673A355}.Release|Any CPU.ActiveCfg = Release|Any CPU
		{A9F844BC-14C7-4250-B316-6CFF1673A355}.Release|Any CPU.Build.0 = Release|Any CPU
		{25E3A7C0-54AF-455B-BDE3-F694E19AEF2A}.Debug|Any CPU.ActiveCfg = Debug|Any CPU
		{25E3A7C0-54AF-455B-BDE3-F694E19AEF2A}.Debug|Any CPU.Build.0 = Debug|Any CPU
		{25E3A7C0-54AF-455B-BDE3-F694E19AEF2A}.Release|Any CPU.ActiveCfg = Release|Any CPU
		{25E3A7C0-54AF-455B-BDE3-F694E19AEF2A}.Release|Any CPU.Build.0 = Release|Any CPU
		{A52C51E0-8888-4301-9169-D396CB054A80}.Debug|Any CPU.ActiveCfg = Debug|Any CPU
		{A52C51E0-8888-4301-9169-D396CB054A80}.Debug|Any CPU.Build.0 = Debug|Any CPU
		{A52C51E0-8888-4301-9169-D396CB054A80}.Release|Any CPU.ActiveCfg = Release|Any CPU
		{A52C51E0-8888-4301-9169-D396CB054A80}.Release|Any CPU.Build.0 = Release|Any CPU
		{1E19A05B-A26D-4781-9297-D64D2FD5B29F}.Debug|Any CPU.ActiveCfg = Debug|Any CPU
		{1E19A05B-A26D-4781-9297-D64D2FD5B29F}.Debug|Any CPU.Build.0 = Debug|Any CPU
		{1E19A05B-A26D-4781-9297-D64D2FD5B29F}.Release|Any CPU.ActiveCfg = Release|Any CPU
		{1E19A05B-A26D-4781-9297-D64D2FD5B29F}.Release|Any CPU.Build.0 = Release|Any CPU
		{D89EF7F2-A339-48FF-8555-5D96784C8373}.Debug|Any CPU.ActiveCfg = Debug|Any CPU
		{D89EF7F2-A339-48FF-8555-5D96784C8373}.Debug|Any CPU.Build.0 = Debug|Any CPU
		{D89EF7F2-A339-48FF-8555-5D96784C8373}.Release|Any CPU.ActiveCfg = Release|Any CPU
		{D89EF7F2-A339-48FF-8555-5D96784C8373}.Release|Any CPU.Build.0 = Release|Any CPU
		{6E63BF1A-DB74-4055-A1C1-C027FE7CE718}.Debug|Any CPU.ActiveCfg = Debug|Any CPU
		{6E63BF1A-DB74-4055-A1C1-C027FE7CE718}.Debug|Any CPU.Build.0 = Debug|Any CPU
		{6E63BF1A-DB74-4055-A1C1-C027FE7CE718}.Release|Any CPU.ActiveCfg = Release|Any CPU
		{6E63BF1A-DB74-4055-A1C1-C027FE7CE718}.Release|Any CPU.Build.0 = Release|Any CPU
		{E9A12A3D-91B3-4B78-B482-9370C2909A4C}.Debug|Any CPU.ActiveCfg = Debug|Any CPU
		{E9A12A3D-91B3-4B78-B482-9370C2909A4C}.Debug|Any CPU.Build.0 = Debug|Any CPU
		{E9A12A3D-91B3-4B78-B482-9370C2909A4C}.Release|Any CPU.ActiveCfg = Release|Any CPU
		{E9A12A3D-91B3-4B78-B482-9370C2909A4C}.Release|Any CPU.Build.0 = Release|Any CPU
		{69F7BB52-E418-491A-8A04-8BC421AC1E3E}.Debug|Any CPU.ActiveCfg = Debug|Any CPU
		{69F7BB52-E418-491A-8A04-8BC421AC1E3E}.Debug|Any CPU.Build.0 = Debug|Any CPU
		{69F7BB52-E418-491A-8A04-8BC421AC1E3E}.Release|Any CPU.ActiveCfg = Release|Any CPU
		{69F7BB52-E418-491A-8A04-8BC421AC1E3E}.Release|Any CPU.Build.0 = Release|Any CPU
		{3D1206CB-1A0F-4626-A832-A07A0FA3A2E0}.Debug|Any CPU.ActiveCfg = Debug|Any CPU
		{3D1206CB-1A0F-4626-A832-A07A0FA3A2E0}.Debug|Any CPU.Build.0 = Debug|Any CPU
		{3D1206CB-1A0F-4626-A832-A07A0FA3A2E0}.Release|Any CPU.ActiveCfg = Release|Any CPU
		{3D1206CB-1A0F-4626-A832-A07A0FA3A2E0}.Release|Any CPU.Build.0 = Release|Any CPU
		{209EA614-1D58-4875-93A7-D89856F7369D}.Debug|Any CPU.ActiveCfg = Debug|Any CPU
		{209EA614-1D58-4875-93A7-D89856F7369D}.Debug|Any CPU.Build.0 = Debug|Any CPU
		{209EA614-1D58-4875-93A7-D89856F7369D}.Release|Any CPU.ActiveCfg = Release|Any CPU
		{209EA614-1D58-4875-93A7-D89856F7369D}.Release|Any CPU.Build.0 = Release|Any CPU
		{EF831812-AB1D-4D6E-B3A9-F76975896188}.Debug|Any CPU.ActiveCfg = Debug|Any CPU
		{EF831812-AB1D-4D6E-B3A9-F76975896188}.Debug|Any CPU.Build.0 = Debug|Any CPU
		{EF831812-AB1D-4D6E-B3A9-F76975896188}.Release|Any CPU.ActiveCfg = Release|Any CPU
		{EF831812-AB1D-4D6E-B3A9-F76975896188}.Release|Any CPU.Build.0 = Release|Any CPU
		{79BFA3AD-3D4F-4FAE-A60D-79D5EC98DF4C}.Debug|Any CPU.ActiveCfg = Debug|Any CPU
		{79BFA3AD-3D4F-4FAE-A60D-79D5EC98DF4C}.Debug|Any CPU.Build.0 = Debug|Any CPU
		{79BFA3AD-3D4F-4FAE-A60D-79D5EC98DF4C}.Release|Any CPU.ActiveCfg = Release|Any CPU
		{79BFA3AD-3D4F-4FAE-A60D-79D5EC98DF4C}.Release|Any CPU.Build.0 = Release|Any CPU
		{DB8BA2E3-7FB4-41C2-965E-D82384FF3AD2}.Debug|Any CPU.ActiveCfg = Debug|Any CPU
		{DB8BA2E3-7FB4-41C2-965E-D82384FF3AD2}.Debug|Any CPU.Build.0 = Debug|Any CPU
		{DB8BA2E3-7FB4-41C2-965E-D82384FF3AD2}.Release|Any CPU.ActiveCfg = Release|Any CPU
		{DB8BA2E3-7FB4-41C2-965E-D82384FF3AD2}.Release|Any CPU.Build.0 = Release|Any CPU
		{DB5C096C-69EB-43A8-AF34-C5BE9433551F}.Debug|Any CPU.ActiveCfg = Debug|Any CPU
		{DB5C096C-69EB-43A8-AF34-C5BE9433551F}.Debug|Any CPU.Build.0 = Debug|Any CPU
		{DB5C096C-69EB-43A8-AF34-C5BE9433551F}.Release|Any CPU.ActiveCfg = Release|Any CPU
		{DB5C096C-69EB-43A8-AF34-C5BE9433551F}.Release|Any CPU.Build.0 = Release|Any CPU
		{FD92D2E2-7FF0-4073-9917-C441B8ED46EE}.Debug|Any CPU.ActiveCfg = Debug|Any CPU
		{FD92D2E2-7FF0-4073-9917-C441B8ED46EE}.Debug|Any CPU.Build.0 = Debug|Any CPU
		{FD92D2E2-7FF0-4073-9917-C441B8ED46EE}.Release|Any CPU.ActiveCfg = Release|Any CPU
		{FD92D2E2-7FF0-4073-9917-C441B8ED46EE}.Release|Any CPU.Build.0 = Release|Any CPU
		{62A4CC18-1664-4E83-984A-17635E76A8D5}.Debug|Any CPU.ActiveCfg = Debug|Any CPU
		{62A4CC18-1664-4E83-984A-17635E76A8D5}.Debug|Any CPU.Build.0 = Debug|Any CPU
		{62A4CC18-1664-4E83-984A-17635E76A8D5}.Release|Any CPU.ActiveCfg = Release|Any CPU
		{62A4CC18-1664-4E83-984A-17635E76A8D5}.Release|Any CPU.Build.0 = Release|Any CPU
	EndGlobalSection
	GlobalSection(SolutionProperties) = preSolution
		HideSolutionNode = FALSE
	EndGlobalSection
	GlobalSection(NestedProjects) = preSolution
		{82CC9882-AF75-48F0-8877-3B02E46FC4D3} = {08017CE6-7599-4266-92C3-67685BCE0973}
		{3BD0C533-1B90-4809-B05F-124095FC199B} = {08017CE6-7599-4266-92C3-67685BCE0973}
		{82CE2866-333B-4528-8CF3-E2A923C721A9} = {08017CE6-7599-4266-92C3-67685BCE0973}
		{8276EE08-1445-4049-A0E9-B26BAC298856} = {08017CE6-7599-4266-92C3-67685BCE0973}
		{3D82364F-1564-40EF-9061-94CA31ABAB1F} = {08017CE6-7599-4266-92C3-67685BCE0973}
		{524590AD-4A9D-4BDF-97F8-CA0F460D6B33} = {08017CE6-7599-4266-92C3-67685BCE0973}
		{590514A0-5B20-4164-A7E6-AB4ED22C1364} = {08017CE6-7599-4266-92C3-67685BCE0973}
		{AC6A091C-39E1-405C-8B1C-B22F4DDBE10D} = {35FA4510-5CDB-4EE7-BC20-AB68442B2BD5}
		{6DC18FE8-1E6E-4405-9F4A-0B56EE4DE152} = {FC257989-BEB4-4DBE-B269-E4281AA3AE48}
		{8801BFCE-A1E9-4122-9BE3-DF8BCDAF02F7} = {08017CE6-7599-4266-92C3-67685BCE0973}
		{01670C6B-41A1-4EDD-8C90-1268473E42BC} = {E4F32F9C-5B4E-4F96-A45E-DA8FFB7C4E5B}
		{537ACE66-4F9E-4095-94A0-BFE6F3713A84} = {08017CE6-7599-4266-92C3-67685BCE0973}
		{D03033A9-0E34-400E-A512-17C819C4A786} = {08017CE6-7599-4266-92C3-67685BCE0973}
		{5EC10D93-F2F1-4D8F-BD98-016B80EB17D4} = {08017CE6-7599-4266-92C3-67685BCE0973}
		{94809AF0-80A8-4033-86C0-46FDF736E7E3} = {E4F32F9C-5B4E-4F96-A45E-DA8FFB7C4E5B}
		{3EE534F1-B296-47F9-BCF2-22062E6DFD03} = {08017CE6-7599-4266-92C3-67685BCE0973}
		{CCF5CC82-2A7E-4403-AD39-FDCB4F97C492} = {08017CE6-7599-4266-92C3-67685BCE0973}
		{B716D654-AB0C-4FDC-BE07-0BA36096D46B} = {E4F32F9C-5B4E-4F96-A45E-DA8FFB7C4E5B}
		{5F5D30C5-8F37-4568-B4BC-DC9160CADDF0} = {08017CE6-7599-4266-92C3-67685BCE0973}
		{DD08A094-AAFA-4875-9498-8EF865DDFA13} = {B48E9C1A-6337-4C2C-A2F5-15E527A1BA3F}
		{E2E696AE-EF58-4290-91B7-65F4797D2AC5} = {E4F32F9C-5B4E-4F96-A45E-DA8FFB7C4E5B}
		{40550C8C-7E81-4300-8CED-71C43A0C6FB2} = {08017CE6-7599-4266-92C3-67685BCE0973}
		{D0418310-1D15-4616-9407-EBDF3E16131D} = {08017CE6-7599-4266-92C3-67685BCE0973}
		{B06511C2-99BE-4A81-A445-90A1A2CFE297} = {08017CE6-7599-4266-92C3-67685BCE0973}
		{09001DB5-D217-42F3-B5FC-499FB94415BF} = {08017CE6-7599-4266-92C3-67685BCE0973}
		{DB30AAF3-57AA-488A-8519-68AA28905F6B} = {08017CE6-7599-4266-92C3-67685BCE0973}
		{8BA20BFE-DFF9-457E-936B-B9B32511B37E} = {08017CE6-7599-4266-92C3-67685BCE0973}
		{2B2B6679-EF63-4510-97A3-6FE74D610352} = {E4F32F9C-5B4E-4F96-A45E-DA8FFB7C4E5B}
		{0109DBB9-9BFC-4680-AAE6-9384EC96FE57} = {08017CE6-7599-4266-92C3-67685BCE0973}
		{9B3D02C1-A78B-4336-862F-BBBEE57EF32F} = {08017CE6-7599-4266-92C3-67685BCE0973}
		{19B874CA-552A-4445-A44A-318502DED378} = {08017CE6-7599-4266-92C3-67685BCE0973}
		{BF52A4E3-BB66-4A8C-B051-B5E772F6452C} = {08017CE6-7599-4266-92C3-67685BCE0973}
		{85BD1A7B-7A7A-4F54-A85A-0712F50B984A} = {E4F32F9C-5B4E-4F96-A45E-DA8FFB7C4E5B}
		{C69E115F-C1B4-4852-A496-CF1C107232A4} = {08017CE6-7599-4266-92C3-67685BCE0973}
		{4CC6AF24-ECAB-42EA-830A-74F126DA118E} = {08017CE6-7599-4266-92C3-67685BCE0973}
		{8660BDA0-DBEF-4B96-A792-47D0D2CBAEE2} = {08017CE6-7599-4266-92C3-67685BCE0973}
		{A562D10D-D969-42BC-A1F8-85715D8098BE} = {08017CE6-7599-4266-92C3-67685BCE0973}
		{E94A44DF-DC7F-46C2-A264-826B59BE9AA3} = {08017CE6-7599-4266-92C3-67685BCE0973}
		{1DC89FDD-D2E3-4C5E-8F8F-0775045AC733} = {08017CE6-7599-4266-92C3-67685BCE0973}
		{A70654E8-EE56-42D5-B7C6-94E91A92CB2D} = {08017CE6-7599-4266-92C3-67685BCE0973}
		{DCCFDB7E-845B-4662-B4CF-1B0DFD01B216} = {08017CE6-7599-4266-92C3-67685BCE0973}
		{61DFB54C-C9DB-49EE-90FB-2CE482BB79B8} = {08017CE6-7599-4266-92C3-67685BCE0973}
		{A9F844BC-14C7-4250-B316-6CFF1673A355} = {E4F32F9C-5B4E-4F96-A45E-DA8FFB7C4E5B}
		{25E3A7C0-54AF-455B-BDE3-F694E19AEF2A} = {08017CE6-7599-4266-92C3-67685BCE0973}
		{A52C51E0-8888-4301-9169-D396CB054A80} = {FC257989-BEB4-4DBE-B269-E4281AA3AE48}
		{1E19A05B-A26D-4781-9297-D64D2FD5B29F} = {08017CE6-7599-4266-92C3-67685BCE0973}
		{D89EF7F2-A339-48FF-8555-5D96784C8373} = {08017CE6-7599-4266-92C3-67685BCE0973}
		{6E63BF1A-DB74-4055-A1C1-C027FE7CE718} = {08017CE6-7599-4266-92C3-67685BCE0973}
		{E9A12A3D-91B3-4B78-B482-9370C2909A4C} = {08017CE6-7599-4266-92C3-67685BCE0973}
		{69F7BB52-E418-491A-8A04-8BC421AC1E3E} = {08017CE6-7599-4266-92C3-67685BCE0973}
		{3D1206CB-1A0F-4626-A832-A07A0FA3A2E0} = {08017CE6-7599-4266-92C3-67685BCE0973}
		{209EA614-1D58-4875-93A7-D89856F7369D} = {08017CE6-7599-4266-92C3-67685BCE0973}
		{EF831812-AB1D-4D6E-B3A9-F76975896188} = {E4F32F9C-5B4E-4F96-A45E-DA8FFB7C4E5B}
		{79BFA3AD-3D4F-4FAE-A60D-79D5EC98DF4C} = {08017CE6-7599-4266-92C3-67685BCE0973}
		{DB8BA2E3-7FB4-41C2-965E-D82384FF3AD2} = {08017CE6-7599-4266-92C3-67685BCE0973}
		{DB5C096C-69EB-43A8-AF34-C5BE9433551F} = {08017CE6-7599-4266-92C3-67685BCE0973}
		{FD92D2E2-7FF0-4073-9917-C441B8ED46EE} = {08017CE6-7599-4266-92C3-67685BCE0973}
		{62A4CC18-1664-4E83-984A-17635E76A8D5} = {08017CE6-7599-4266-92C3-67685BCE0973}
	EndGlobalSection
	GlobalSection(ExtensibilityGlobals) = postSolution
		SolutionGuid = {5131EB3F-3A15-4D42-8167-54A12762E996}
	EndGlobalSection
EndGlobal
