
Microsoft Visual Studio Solution File, Format Version 12.00
# Visual Studio Version 17
VisualStudioVersion = 17.11.35312.102
MinimumVisualStudioVersion = 10.0.40219.1
Project("{2150E333-8FDC-42A3-9474-1A3956D46DE8}") = "001 - Lessons", "001 - Lessons", "{08017CE6-7599-4266-92C3-67685BCE0973}"
EndProject
Project("{2150E333-8FDC-42A3-9474-1A3956D46DE8}") = "002 - Home Work", "002 - Home Work", "{E4F32F9C-5B4E-4F96-A45E-DA8FFB7C4E5B}"
EndProject
Project("{FAE04EC0-301F-11D3-BF4B-00C04F79EFBC}") = "001 - Первая программа", "001 - Lessons\001 - Первая программа.csproj", "{3BD0C533-1B90-4809-B05F-124095FC199B}"
EndProject
Global
	GlobalSection(SolutionConfigurationPlatforms) = preSolution
		Debug|Any CPU = Debug|Any CPU
		Release|Any CPU = Release|Any CPU
	EndGlobalSection
	GlobalSection(ProjectConfigurationPlatforms) = postSolution
		{3BD0C533-1B90-4809-B05F-124095FC199B}.Debug|Any CPU.ActiveCfg = Debug|Any CPU
		{3BD0C533-1B90-4809-B05F-124095FC199B}.Debug|Any CPU.Build.0 = Debug|Any CPU
		{3BD0C533-1B90-4809-B05F-124095FC199B}.Release|Any CPU.ActiveCfg = Release|Any CPU
		{3BD0C533-1B90-4809-B05F-124095FC199B}.Release|Any CPU.Build.0 = Release|Any CPU
	EndGlobalSection
	GlobalSection(SolutionProperties) = preSolution
		HideSolutionNode = FALSE
	EndGlobalSection
	GlobalSection(NestedProjects) = preSolution
		{3BD0C533-1B90-4809-B05F-124095FC199B} = {08017CE6-7599-4266-92C3-67685BCE0973}
	EndGlobalSection
	GlobalSection(ExtensibilityGlobals) = postSolution
		SolutionGuid = {5131EB3F-3A15-4D42-8167-54A12762E996}
	EndGlobalSection
EndGlobal
